
Microsoft Visual Studio Solution File, Format Version 12.00
# Visual Studio 2013
VisualStudioVersion = 12.0.30723.0
MinimumVisualStudioVersion = 10.0.40219.1
Project("{FAE04EC0-301F-11D3-BF4B-00C04F79EFBC}") = "StudentSystem.Model.cs", "StudentSystem.cs\StudentSystem.Model.cs.csproj", "{6B5298C0-6CAD-49CC-B4F2-3BEAFBDF8173}"
EndProject
Project("{FAE04EC0-301F-11D3-BF4B-00C04F79EFBC}") = "StudentSystem.Data", "StudentSystem.Data\StudentSystem.Data.csproj", "{9E9DBCBE-6FDA-41C4-B884-CDF676BF3868}"
EndProject
Project("{FAE04EC0-301F-11D3-BF4B-00C04F79EFBC}") = "StudentSystem.ConsoleApp", "StudentSystem.ConsoleApp\StudentSystem.ConsoleApp.csproj", "{DFAAAD33-2F7A-4292-864D-9332D5203A30}"
EndProject
Global
	GlobalSection(SolutionConfigurationPlatforms) = preSolution
		Debug|Any CPU = Debug|Any CPU
		Release|Any CPU = Release|Any CPU
	EndGlobalSection
	GlobalSection(ProjectConfigurationPlatforms) = postSolution
		{6B5298C0-6CAD-49CC-B4F2-3BEAFBDF8173}.Debug|Any CPU.ActiveCfg = Debug|Any CPU
		{6B5298C0-6CAD-49CC-B4F2-3BEAFBDF8173}.Debug|Any CPU.Build.0 = Debug|Any CPU
		{6B5298C0-6CAD-49CC-B4F2-3BEAFBDF8173}.Release|Any CPU.ActiveCfg = Release|Any CPU
		{6B5298C0-6CAD-49CC-B4F2-3BEAFBDF8173}.Release|Any CPU.Build.0 = Release|Any CPU
		{9E9DBCBE-6FDA-41C4-B884-CDF676BF3868}.Debug|Any CPU.ActiveCfg = Debug|Any CPU
		{9E9DBCBE-6FDA-41C4-B884-CDF676BF3868}.Debug|Any CPU.Build.0 = Debug|Any CPU
		{9E9DBCBE-6FDA-41C4-B884-CDF676BF3868}.Release|Any CPU.ActiveCfg = Release|Any CPU
		{9E9DBCBE-6FDA-41C4-B884-CDF676BF3868}.Release|Any CPU.Build.0 = Release|Any CPU
		{DFAAAD33-2F7A-4292-864D-9332D5203A30}.Debug|Any CPU.ActiveCfg = Debug|Any CPU
		{DFAAAD33-2F7A-4292-864D-9332D5203A30}.Debug|Any CPU.Build.0 = Debug|Any CPU
		{DFAAAD33-2F7A-4292-864D-9332D5203A30}.Release|Any CPU.ActiveCfg = Release|Any CPU
		{DFAAAD33-2F7A-4292-864D-9332D5203A30}.Release|Any CPU.Build.0 = Release|Any CPU
	EndGlobalSection
	GlobalSection(SolutionProperties) = preSolution
		HideSolutionNode = FALSE
	EndGlobalSection
EndGlobal
